// !$*UTF8*$!
{
	archiveVersion = 1;
	classes = {
	};
	objectVersion = 46;
	objects = {

/* Begin PBXBuildFile section */
		F389EC3D192D4B9B001FB68B /* Foundation.framework in Frameworks */ = {isa = PBXBuildFile; fileRef = F389EC3C192D4B9B001FB68B /* Foundation.framework */; };
		F389EC3F192D4B9B001FB68B /* CoreGraphics.framework in Frameworks */ = {isa = PBXBuildFile; fileRef = F389EC3E192D4B9B001FB68B /* CoreGraphics.framework */; };
		F389EC41192D4B9B001FB68B /* UIKit.framework in Frameworks */ = {isa = PBXBuildFile; fileRef = F389EC40192D4B9B001FB68B /* UIKit.framework */; };
		F389EC47192D4B9B001FB68B /* InfoPlist.strings in Resources */ = {isa = PBXBuildFile; fileRef = F389EC45192D4B9B001FB68B /* InfoPlist.strings */; };
		F389EC49192D4B9B001FB68B /* main.m in Sources */ = {isa = PBXBuildFile; fileRef = F389EC48192D4B9B001FB68B /* main.m */; };
		F389EC4D192D4B9B001FB68B /* AppDelegate.m in Sources */ = {isa = PBXBuildFile; fileRef = F389EC4C192D4B9B001FB68B /* AppDelegate.m */; };
		F389EC50192D4B9B001FB68B /* Main.storyboard in Resources */ = {isa = PBXBuildFile; fileRef = F389EC4E192D4B9B001FB68B /* Main.storyboard */; };
		F389EC53192D4B9B001FB68B /* ViewController.m in Sources */ = {isa = PBXBuildFile; fileRef = F389EC52192D4B9B001FB68B /* ViewController.m */; };
		F389EC55192D4B9B001FB68B /* Images.xcassets in Resources */ = {isa = PBXBuildFile; fileRef = F389EC54192D4B9B001FB68B /* Images.xcassets */; };
		F389EC5C192D4B9B001FB68B /* XCTest.framework in Frameworks */ = {isa = PBXBuildFile; fileRef = F389EC5B192D4B9B001FB68B /* XCTest.framework */; };
		F389EC5D192D4B9B001FB68B /* Foundation.framework in Frameworks */ = {isa = PBXBuildFile; fileRef = F389EC3C192D4B9B001FB68B /* Foundation.framework */; };
		F389EC5E192D4B9B001FB68B /* UIKit.framework in Frameworks */ = {isa = PBXBuildFile; fileRef = F389EC40192D4B9B001FB68B /* UIKit.framework */; };
		F389EC66192D4B9B001FB68B /* InfoPlist.strings in Resources */ = {isa = PBXBuildFile; fileRef = F389EC64192D4B9B001FB68B /* InfoPlist.strings */; };
		F389EC68192D4B9B001FB68B /* LocalizarBackgroundTests.m in Sources */ = {isa = PBXBuildFile; fileRef = F389EC67192D4B9B001FB68B /* LocalizarBackgroundTests.m */; };
		F389EC72192D4BB6001FB68B /* CoreLocation.framework in Frameworks */ = {isa = PBXBuildFile; fileRef = F389EC71192D4BB6001FB68B /* CoreLocation.framework */; };
/* End PBXBuildFile section */

/* Begin PBXContainerItemProxy section */
		F389EC5F192D4B9B001FB68B /* PBXContainerItemProxy */ = {
			isa = PBXContainerItemProxy;
			containerPortal = F389EC31192D4B9B001FB68B /* Project object */;
			proxyType = 1;
			remoteGlobalIDString = F389EC38192D4B9B001FB68B;
			remoteInfo = LocalizarBackground;
		};
/* End PBXContainerItemProxy section */

/* Begin PBXFileReference section */
		F389EC39192D4B9B001FB68B /* LocalizarBackground.app */ = {isa = PBXFileReference; explicitFileType = wrapper.application; includeInIndex = 0; path = LocalizarBackground.app; sourceTree = BUILT_PRODUCTS_DIR; };
		F389EC3C192D4B9B001FB68B /* Foundation.framework */ = {isa = PBXFileReference; lastKnownFileType = wrapper.framework; name = Foundation.framework; path = System/Library/Frameworks/Foundation.framework; sourceTree = SDKROOT; };
		F389EC3E192D4B9B001FB68B /* CoreGraphics.framework */ = {isa = PBXFileReference; lastKnownFileType = wrapper.framework; name = CoreGraphics.framework; path = System/Library/Frameworks/CoreGraphics.framework; sourceTree = SDKROOT; };
		F389EC40192D4B9B001FB68B /* UIKit.framework */ = {isa = PBXFileReference; lastKnownFileType = wrapper.framework; name = UIKit.framework; path = System/Library/Frameworks/UIKit.framework; sourceTree = SDKROOT; };
		F389EC44192D4B9B001FB68B /* LocalizarBackground-Info.plist */ = {isa = PBXFileReference; lastKnownFileType = text.plist.xml; path = "LocalizarBackground-Info.plist"; sourceTree = "<group>"; };
		F389EC46192D4B9B001FB68B /* en */ = {isa = PBXFileReference; lastKnownFileType = text.plist.strings; name = en; path = en.lproj/InfoPlist.strings; sourceTree = "<group>"; };
		F389EC48192D4B9B001FB68B /* main.m */ = {isa = PBXFileReference; lastKnownFileType = sourcecode.c.objc; path = main.m; sourceTree = "<group>"; };
		F389EC4A192D4B9B001FB68B /* LocalizarBackground-Prefix.pch */ = {isa = PBXFileReference; lastKnownFileType = sourcecode.c.h; path = "LocalizarBackground-Prefix.pch"; sourceTree = "<group>"; };
		F389EC4B192D4B9B001FB68B /* AppDelegate.h */ = {isa = PBXFileReference; lastKnownFileType = sourcecode.c.h; path = AppDelegate.h; sourceTree = "<group>"; };
		F389EC4C192D4B9B001FB68B /* AppDelegate.m */ = {isa = PBXFileReference; lastKnownFileType = sourcecode.c.objc; path = AppDelegate.m; sourceTree = "<group>"; };
		F389EC4F192D4B9B001FB68B /* Base */ = {isa = PBXFileReference; lastKnownFileType = file.storyboard; name = Base; path = Base.lproj/Main.storyboard; sourceTree = "<group>"; };
		F389EC51192D4B9B001FB68B /* ViewController.h */ = {isa = PBXFileReference; lastKnownFileType = sourcecode.c.h; path = ViewController.h; sourceTree = "<group>"; };
		F389EC52192D4B9B001FB68B /* ViewController.m */ = {isa = PBXFileReference; lastKnownFileType = sourcecode.c.objc; path = ViewController.m; sourceTree = "<group>"; };
		F389EC54192D4B9B001FB68B /* Images.xcassets */ = {isa = PBXFileReference; lastKnownFileType = folder.assetcatalog; path = Images.xcassets; sourceTree = "<group>"; };
		F389EC5A192D4B9B001FB68B /* LocalizarBackgroundTests.xctest */ = {isa = PBXFileReference; explicitFileType = wrapper.cfbundle; includeInIndex = 0; path = LocalizarBackgroundTests.xctest; sourceTree = BUILT_PRODUCTS_DIR; };
		F389EC5B192D4B9B001FB68B /* XCTest.framework */ = {isa = PBXFileReference; lastKnownFileType = wrapper.framework; name = XCTest.framework; path = Library/Frameworks/XCTest.framework; sourceTree = DEVELOPER_DIR; };
		F389EC63192D4B9B001FB68B /* LocalizarBackgroundTests-Info.plist */ = {isa = PBXFileReference; lastKnownFileType = text.plist.xml; path = "LocalizarBackgroundTests-Info.plist"; sourceTree = "<group>"; };
		F389EC65192D4B9B001FB68B /* en */ = {isa = PBXFileReference; lastKnownFileType = text.plist.strings; name = en; path = en.lproj/InfoPlist.strings; sourceTree = "<group>"; };
		F389EC67192D4B9B001FB68B /* LocalizarBackgroundTests.m */ = {isa = PBXFileReference; lastKnownFileType = sourcecode.c.objc; path = LocalizarBackgroundTests.m; sourceTree = "<group>"; };
		F389EC71192D4BB6001FB68B /* CoreLocation.framework */ = {isa = PBXFileReference; lastKnownFileType = wrapper.framework; name = CoreLocation.framework; path = System/Library/Frameworks/CoreLocation.framework; sourceTree = SDKROOT; };
/* End PBXFileReference section */

/* Begin PBXFrameworksBuildPhase section */
		F389EC36192D4B9B001FB68B /* Frameworks */ = {
			isa = PBXFrameworksBuildPhase;
			buildActionMask = 2147483647;
			files = (
				F389EC72192D4BB6001FB68B /* CoreLocation.framework in Frameworks */,
				F389EC3F192D4B9B001FB68B /* CoreGraphics.framework in Frameworks */,
				F389EC41192D4B9B001FB68B /* UIKit.framework in Frameworks */,
				F389EC3D192D4B9B001FB68B /* Foundation.framework in Frameworks */,
			);
			runOnlyForDeploymentPostprocessing = 0;
		};
		F389EC57192D4B9B001FB68B /* Frameworks */ = {
			isa = PBXFrameworksBuildPhase;
			buildActionMask = 2147483647;
			files = (
				F389EC5C192D4B9B001FB68B /* XCTest.framework in Frameworks */,
				F389EC5E192D4B9B001FB68B /* UIKit.framework in Frameworks */,
				F389EC5D192D4B9B001FB68B /* Foundation.framework in Frameworks */,
			);
			runOnlyForDeploymentPostprocessing = 0;
		};
/* End PBXFrameworksBuildPhase section */

/* Begin PBXGroup section */
		F389EC30192D4B9B001FB68B = {
			isa = PBXGroup;
			children = (
				F389EC42192D4B9B001FB68B /* LocalizarBackground */,
				F389EC61192D4B9B001FB68B /* LocalizarBackgroundTests */,
				F389EC3B192D4B9B001FB68B /* Frameworks */,
				F389EC3A192D4B9B001FB68B /* Products */,
			);
			sourceTree = "<group>";
		};
		F389EC3A192D4B9B001FB68B /* Products */ = {
			isa = PBXGroup;
			children = (
				F389EC39192D4B9B001FB68B /* LocalizarBackground.app */,
				F389EC5A192D4B9B001FB68B /* LocalizarBackgroundTests.xctest */,
			);
			name = Products;
			sourceTree = "<group>";
		};
		F389EC3B192D4B9B001FB68B /* Frameworks */ = {
			isa = PBXGroup;
			children = (
				F389EC71192D4BB6001FB68B /* CoreLocation.framework */,
				F389EC3C192D4B9B001FB68B /* Foundation.framework */,
				F389EC3E192D4B9B001FB68B /* CoreGraphics.framework */,
				F389EC40192D4B9B001FB68B /* UIKit.framework */,
				F389EC5B192D4B9B001FB68B /* XCTest.framework */,
			);
			name = Frameworks;
			sourceTree = "<group>";
		};
		F389EC42192D4B9B001FB68B /* LocalizarBackground */ = {
			isa = PBXGroup;
			children = (
				F389EC4B192D4B9B001FB68B /* AppDelegate.h */,
				F389EC4C192D4B9B001FB68B /* AppDelegate.m */,
				F389EC4E192D4B9B001FB68B /* Main.storyboard */,
				F389EC51192D4B9B001FB68B /* ViewController.h */,
				F389EC52192D4B9B001FB68B /* ViewController.m */,
				F389EC54192D4B9B001FB68B /* Images.xcassets */,
				F389EC43192D4B9B001FB68B /* Supporting Files */,
			);
			path = LocalizarBackground;
			sourceTree = "<group>";
		};
		F389EC43192D4B9B001FB68B /* Supporting Files */ = {
			isa = PBXGroup;
			children = (
				F389EC44192D4B9B001FB68B /* LocalizarBackground-Info.plist */,
				F389EC45192D4B9B001FB68B /* InfoPlist.strings */,
				F389EC48192D4B9B001FB68B /* main.m */,
				F389EC4A192D4B9B001FB68B /* LocalizarBackground-Prefix.pch */,
			);
			name = "Supporting Files";
			sourceTree = "<group>";
		};
		F389EC61192D4B9B001FB68B /* LocalizarBackgroundTests */ = {
			isa = PBXGroup;
			children = (
				F389EC67192D4B9B001FB68B /* LocalizarBackgroundTests.m */,
				F389EC62192D4B9B001FB68B /* Supporting Files */,
			);
			path = LocalizarBackgroundTests;
			sourceTree = "<group>";
		};
		F389EC62192D4B9B001FB68B /* Supporting Files */ = {
			isa = PBXGroup;
			children = (
				F389EC63192D4B9B001FB68B /* LocalizarBackgroundTests-Info.plist */,
				F389EC64192D4B9B001FB68B /* InfoPlist.strings */,
			);
			name = "Supporting Files";
			sourceTree = "<group>";
		};
/* End PBXGroup section */

/* Begin PBXNativeTarget section */
		F389EC38192D4B9B001FB68B /* LocalizarBackground */ = {
			isa = PBXNativeTarget;
			buildConfigurationList = F389EC6B192D4B9B001FB68B /* Build configuration list for PBXNativeTarget "LocalizarBackground" */;
			buildPhases = (
				F389EC35192D4B9B001FB68B /* Sources */,
				F389EC36192D4B9B001FB68B /* Frameworks */,
				F389EC37192D4B9B001FB68B /* Resources */,
			);
			buildRules = (
			);
			dependencies = (
			);
			name = LocalizarBackground;
			productName = LocalizarBackground;
			productReference = F389EC39192D4B9B001FB68B /* LocalizarBackground.app */;
			productType = "com.apple.product-type.application";
		};
		F389EC59192D4B9B001FB68B /* LocalizarBackgroundTests */ = {
			isa = PBXNativeTarget;
			buildConfigurationList = F389EC6E192D4B9B001FB68B /* Build configuration list for PBXNativeTarget "LocalizarBackgroundTests" */;
			buildPhases = (
				F389EC56192D4B9B001FB68B /* Sources */,
				F389EC57192D4B9B001FB68B /* Frameworks */,
				F389EC58192D4B9B001FB68B /* Resources */,
			);
			buildRules = (
			);
			dependencies = (
				F389EC60192D4B9B001FB68B /* PBXTargetDependency */,
			);
			name = LocalizarBackgroundTests;
			productName = LocalizarBackgroundTests;
			productReference = F389EC5A192D4B9B001FB68B /* LocalizarBackgroundTests.xctest */;
			productType = "com.apple.product-type.bundle.unit-test";
		};
/* End PBXNativeTarget section */

/* Begin PBXProject section */
		F389EC31192D4B9B001FB68B /* Project object */ = {
			isa = PBXProject;
			attributes = {
				LastUpgradeCheck = 0510;
				ORGANIZATIONNAME = "Carlos Castellanos";
				TargetAttributes = {
					F389EC59192D4B9B001FB68B = {
						TestTargetID = F389EC38192D4B9B001FB68B;
					};
				};
			};
			buildConfigurationList = F389EC34192D4B9B001FB68B /* Build configuration list for PBXProject "LocalizarBackground" */;
			compatibilityVersion = "Xcode 3.2";
			developmentRegion = English;
			hasScannedForEncodings = 0;
			knownRegions = (
				en,
				Base,
			);
			mainGroup = F389EC30192D4B9B001FB68B;
			productRefGroup = F389EC3A192D4B9B001FB68B /* Products */;
			projectDirPath = "";
			projectRoot = "";
			targets = (
				F389EC38192D4B9B001FB68B /* LocalizarBackground */,
				F389EC59192D4B9B001FB68B /* LocalizarBackgroundTests */,
			);
		};
/* End PBXProject section */

/* Begin PBXResourcesBuildPhase section */
		F389EC37192D4B9B001FB68B /* Resources */ = {
			isa = PBXResourcesBuildPhase;
			buildActionMask = 2147483647;
			files = (
				F389EC55192D4B9B001FB68B /* Images.xcassets in Resources */,
				F389EC47192D4B9B001FB68B /* InfoPlist.strings in Resources */,
				F389EC50192D4B9B001FB68B /* Main.storyboard in Resources */,
			);
			runOnlyForDeploymentPostprocessing = 0;
		};
		F389EC58192D4B9B001FB68B /* Resources */ = {
			isa = PBXResourcesBuildPhase;
			buildActionMask = 2147483647;
			files = (
				F389EC66192D4B9B001FB68B /* InfoPlist.strings in Resources */,
			);
			runOnlyForDeploymentPostprocessing = 0;
		};
/* End PBXResourcesBuildPhase section */

/* Begin PBXSourcesBuildPhase section */
		F389EC35192D4B9B001FB68B /* Sources */ = {
			isa = PBXSourcesBuildPhase;
			buildActionMask = 2147483647;
			files = (
				F389EC53192D4B9B001FB68B /* ViewController.m in Sources */,
				F389EC4D192D4B9B001FB68B /* AppDelegate.m in Sources */,
				F389EC49192D4B9B001FB68B /* main.m in Sources */,
			);
			runOnlyForDeploymentPostprocessing = 0;
		};
		F389EC56192D4B9B001FB68B /* Sources */ = {
			isa = PBXSourcesBuildPhase;
			buildActionMask = 2147483647;
			files = (
				F389EC68192D4B9B001FB68B /* LocalizarBackgroundTests.m in Sources */,
			);
			runOnlyForDeploymentPostprocessing = 0;
		};
/* End PBXSourcesBuildPhase section */

/* Begin PBXTargetDependency section */
		F389EC60192D4B9B001FB68B /* PBXTargetDependency */ = {
			isa = PBXTargetDependency;
			target = F389EC38192D4B9B001FB68B /* LocalizarBackground */;
			targetProxy = F389EC5F192D4B9B001FB68B /* PBXContainerItemProxy */;
		};
/* End PBXTargetDependency section */

/* Begin PBXVariantGroup section */
		F389EC45192D4B9B001FB68B /* InfoPlist.strings */ = {
			isa = PBXVariantGroup;
			children = (
				F389EC46192D4B9B001FB68B /* en */,
			);
			name = InfoPlist.strings;
			sourceTree = "<group>";
		};
		F389EC4E192D4B9B001FB68B /* Main.storyboard */ = {
			isa = PBXVariantGroup;
			children = (
				F389EC4F192D4B9B001FB68B /* Base */,
			);
			name = Main.storyboard;
			sourceTree = "<group>";
		};
		F389EC64192D4B9B001FB68B /* InfoPlist.strings */ = {
			isa = PBXVariantGroup;
			children = (
				F389EC65192D4B9B001FB68B /* en */,
			);
			name = InfoPlist.strings;
			sourceTree = "<group>";
		};
/* End PBXVariantGroup section */

/* Begin XCBuildConfiguration section */
		F389EC69192D4B9B001FB68B /* Debug */ = {
			isa = XCBuildConfiguration;
			buildSettings = {
				ALWAYS_SEARCH_USER_PATHS = NO;
				CLANG_CXX_LANGUAGE_STANDARD = "gnu++0x";
				CLANG_CXX_LIBRARY = "libc++";
				CLANG_ENABLE_MODULES = YES;
				CLANG_ENABLE_OBJC_ARC = YES;
				CLANG_WARN_BOOL_CONVERSION = YES;
				CLANG_WARN_CONSTANT_CONVERSION = YES;
				CLANG_WARN_DIRECT_OBJC_ISA_USAGE = YES_ERROR;
				CLANG_WARN_EMPTY_BODY = YES;
				CLANG_WARN_ENUM_CONVERSION = YES;
				CLANG_WARN_INT_CONVERSION = YES;
				CLANG_WARN_OBJC_ROOT_CLASS = YES_ERROR;
				CLANG_WARN__DUPLICATE_METHOD_MATCH = YES;
				"CODE_SIGN_IDENTITY[sdk=iphoneos*]" = "iPhone Developer";
				COPY_PHASE_STRIP = NO;
				GCC_C_LANGUAGE_STANDARD = gnu99;
				GCC_DYNAMIC_NO_PIC = NO;
				GCC_OPTIMIZATION_LEVEL = 0;
				GCC_PREPROCESSOR_DEFINITIONS = (
					"DEBUG=1",
					"$(inherited)",
				);
				GCC_SYMBOLS_PRIVATE_EXTERN = NO;
				GCC_WARN_64_TO_32_BIT_CONVERSION = YES;
				GCC_WARN_ABOUT_RETURN_TYPE = YES_ERROR;
				GCC_WARN_UNDECLARED_SELECTOR = YES;
				GCC_WARN_UNINITIALIZED_AUTOS = YES_AGGRESSIVE;
				GCC_WARN_UNUSED_FUNCTION = YES;
				GCC_WARN_UNUSED_VARIABLE = YES;
				IPHONEOS_DEPLOYMENT_TARGET = 7.1;
				ONLY_ACTIVE_ARCH = YES;
				SDKROOT = iphoneos;
			};
			name = Debug;
		};
		F389EC6A192D4B9B001FB68B /* Release */ = {
			isa = XCBuildConfiguration;
			buildSettings = {
				ALWAYS_SEARCH_USER_PATHS = NO;
				CLANG_CXX_LANGUAGE_STANDARD = "gnu++0x";
				CLANG_CXX_LIBRARY = "libc++";
				CLANG_ENABLE_MODULES = YES;
				CLANG_ENABLE_OBJC_ARC = YES;
				CLANG_WARN_BOOL_CONVERSION = YES;
				CLANG_WARN_CONSTANT_CONVERSION = YES;
				CLANG_WARN_DIRECT_OBJC_ISA_USAGE = YES_ERROR;
				CLANG_WARN_EMPTY_BODY = YES;
				CLANG_WARN_ENUM_CONVERSION = YES;
				CLANG_WARN_INT_CONVERSION = YES;
				CLANG_WARN_OBJC_ROOT_CLASS = YES_ERROR;
				CLANG_WARN__DUPLICATE_METHOD_MATCH = YES;
				"CODE_SIGN_IDENTITY[sdk=iphoneos*]" = "iPhone Developer";
				COPY_PHASE_STRIP = YES;
				ENABLE_NS_ASSERTIONS = NO;
				GCC_C_LANGUAGE_STANDARD = gnu99;
				GCC_WARN_64_TO_32_BIT_CONVERSION = YES;
				GCC_WARN_ABOUT_RETURN_TYPE = YES_ERROR;
				GCC_WARN_UNDECLARED_SELECTOR = YES;
				GCC_WARN_UNINITIALIZED_AUTOS = YES_AGGRESSIVE;
				GCC_WARN_UNUSED_FUNCTION = YES;
				GCC_WARN_UNUSED_VARIABLE = YES;
				IPHONEOS_DEPLOYMENT_TARGET = 7.1;
				SDKROOT = iphoneos;
				VALIDATE_PRODUCT = YES;
			};
			name = Release;
		};
		F389EC6C192D4B9B001FB68B /* Debug */ = {
			isa = XCBuildConfiguration;
			buildSettings = {
				ASSETCATALOG_COMPILER_APPICON_NAME = AppIcon;
				ASSETCATALOG_COMPILER_LAUNCHIMAGE_NAME = LaunchImage;
				GCC_PRECOMPILE_PREFIX_HEADER = YES;
				GCC_PREFIX_HEADER = "LocalizarBackground/LocalizarBackground-Prefix.pch";
				INFOPLIST_FILE = "LocalizarBackground/LocalizarBackground-Info.plist";
				PRODUCT_NAME = "$(TARGET_NAME)";
				WRAPPER_EXTENSION = app;
			};
			name = Debug;
		};
		F389EC6D192D4B9B001FB68B /* Release */ = {
			isa = XCBuildConfiguration;
			buildSettings = {
				ASSETCATALOG_COMPILER_APPICON_NAME = AppIcon;
				ASSETCATALOG_COMPILER_LAUNCHIMAGE_NAME = LaunchImage;
				GCC_PRECOMPILE_PREFIX_HEADER = YES;
				GCC_PREFIX_HEADER = "LocalizarBackground/LocalizarBackground-Prefix.pch";
				INFOPLIST_FILE = "LocalizarBackground/LocalizarBackground-Info.plist";
				PRODUCT_NAME = "$(TARGET_NAME)";
				WRAPPER_EXTENSION = app;
			};
			name = Release;
		};
		F389EC6F192D4B9B001FB68B /* Debug */ = {
			isa = XCBuildConfiguration;
			buildSettings = {
				BUNDLE_LOADER = "$(BUILT_PRODUCTS_DIR)/LocalizarBackground.app/LocalizarBackground";
				FRAMEWORK_SEARCH_PATHS = (
					"$(SDKROOT)/Developer/Library/Frameworks",
					"$(inherited)",
					"$(DEVELOPER_FRAMEWORKS_DIR)",
				);
				GCC_PRECOMPILE_PREFIX_HEADER = YES;
				GCC_PREFIX_HEADER = "LocalizarBackground/LocalizarBackground-Prefix.pch";
				GCC_PREPROCESSOR_DEFINITIONS = (
					"DEBUG=1",
					"$(inherited)",
				);
				INFOPLIST_FILE = "LocalizarBackgroundTests/LocalizarBackgroundTests-Info.plist";
				PRODUCT_NAME = "$(TARGET_NAME)";
				TEST_HOST = "$(BUNDLE_LOADER)";
				WRAPPER_EXTENSION = xctest;
			};
			name = Debug;
		};
		F389EC70192D4B9B001FB68B /* Release */ = {
			isa = XCBuildConfiguration;
			buildSettings = {
				BUNDLE_LOADER = "$(BUILT_PRODUCTS_DIR)/LocalizarBackground.app/LocalizarBackground";
				FRAMEWORK_SEARCH_PATHS = (
					"$(SDKROOT)/Developer/Library/Frameworks",
					"$(inherited)",
					"$(DEVELOPER_FRAMEWORKS_DIR)",
				);
				GCC_PRECOMPILE_PREFIX_HEADER = YES;
				GCC_PREFIX_HEADER = "LocalizarBackground/LocalizarBackground-Prefix.pch";
				INFOPLIST_FILE = "LocalizarBackgroundTests/LocalizarBackgroundTests-Info.plist";
				PRODUCT_NAME = "$(TARGET_NAME)";
				TEST_HOST = "$(BUNDLE_LOADER)";
				WRAPPER_EXTENSION = xctest;
			};
			name = Release;
		};
/* End XCBuildConfiguration section */

/* Begin XCConfigurationList section */
		F389EC34192D4B9B001FB68B /* Build configuration list for PBXProject "LocalizarBackground" */ = {
			isa = XCConfigurationList;
			buildConfigurations = (
				F389EC69192D4B9B001FB68B /* Debug */,
				F389EC6A192D4B9B001FB68B /* Release */,
			);
			defaultConfigurationIsVisible = 0;
			defaultConfigurationName = Release;
		};
		F389EC6B192D4B9B001FB68B /* Build configuration list for PBXNativeTarget "LocalizarBackground" */ = {
			isa = XCConfigurationList;
			buildConfigurations = (
				F389EC6C192D4B9B001FB68B /* Debug */,
				F389EC6D192D4B9B001FB68B /* Release */,
			);
			defaultConfigurationIsVisible = 0;
		};
		F389EC6E192D4B9B001FB68B /* Build configuration list for PBXNativeTarget "LocalizarBackgroundTests" */ = {
			isa = XCConfigurationList;
			buildConfigurations = (
				F389EC6F192D4B9B001FB68B /* Debug */,
				F389EC70192D4B9B001FB68B /* Release */,
			);
			defaultConfigurationIsVisible = 0;
		};
/* End XCConfigurationList section */
	};
	rootObject = F389EC31192D4B9B001FB68B /* Project object */;
}
